
Microsoft Visual Studio Solution File, Format Version 12.00
# Visual Studio Version 16
VisualStudioVersion = 16.0.32228.343
MinimumVisualStudioVersion = 10.0.40219.1
Project("{FAE04EC0-301F-11D3-BF4B-00C04F79EFBC}") = "ContosoUniversity", "ContosoUniversity.csproj", "{C9D0337F-1CAD-423D-B309-F7C4B1F5F0D6}"
EndProject
Global
	GlobalSection(SolutionConfigurationPlatforms) = preSolution
		Debug|Any CPU = Debug|Any CPU
		Release|Any CPU = Release|Any CPU
	EndGlobalSection
	GlobalSection(ProjectConfigurationPlatforms) = postSolution
		{C9D0337F-1CAD-423D-B309-F7C4B1F5F0D6}.Debug|Any CPU.ActiveCfg = Debug|Any CPU
		{C9D0337F-1CAD-423D-B309-F7C4B1F5F0D6}.Debug|Any CPU.Build.0 = Debug|Any CPU
		{C9D0337F-1CAD-423D-B309-F7C4B1F5F0D6}.Release|Any CPU.ActiveCfg = Release|Any CPU
		{C9D0337F-1CAD-423D-B309-F7C4B1F5F0D6}.Release|Any CPU.Build.0 = Release|Any CPU
	EndGlobalSection
	GlobalSection(SolutionProperties) = preSolution
		HideSolutionNode = FALSE
	EndGlobalSection
	GlobalSection(ExtensibilityGlobals) = postSolution
		SolutionGuid = {0AD6EBFD-7C1F-4BF5-9E96-C7C416A9506A}
	EndGlobalSection
EndGlobal
